
Microsoft Visual Studio Solution File, Format Version 12.00
# Visual Studio Version 17
VisualStudioVersion = 17.6.33723.286
MinimumVisualStudioVersion = 10.0.40219.1
Project("{FAE04EC0-301F-11D3-BF4B-00C04F79EFBC}") = "ConsoleApp2", "ConsoleApp2.csproj", "{EEDC589E-056E-4703-97EA-5DCC8E9A96F3}"
EndProject
Global
	GlobalSection(SolutionConfigurationPlatforms) = preSolution
		Debug|Any CPU = Debug|Any CPU
		Release|Any CPU = Release|Any CPU
	EndGlobalSection
	GlobalSection(ProjectConfigurationPlatforms) = postSolution
		{EEDC589E-056E-4703-97EA-5DCC8E9A96F3}.Debug|Any CPU.ActiveCfg = Debug|Any CPU
		{EEDC589E-056E-4703-97EA-5DCC8E9A96F3}.Debug|Any CPU.Build.0 = Debug|Any CPU
		{EEDC589E-056E-4703-97EA-5DCC8E9A96F3}.Release|Any CPU.ActiveCfg = Release|Any CPU
		{EEDC589E-056E-4703-97EA-5DCC8E9A96F3}.Release|Any CPU.Build.0 = Release|Any CPU
	EndGlobalSection
	GlobalSection(SolutionProperties) = preSolution
		HideSolutionNode = FALSE
	EndGlobalSection
	GlobalSection(ExtensibilityGlobals) = postSolution
		SolutionGuid = {275B17D1-AF6C-4BC0-BFDB-289DE399A091}
	EndGlobalSection
EndGlobal
